
Microsoft Visual Studio Solution File, Format Version 12.00
# Visual Studio Version 17
VisualStudioVersion = 17.7.34202.233
MinimumVisualStudioVersion = 10.0.40219.1
Project("{FAE04EC0-301F-11D3-BF4B-00C04F79EFBC}") = "AutoStartMaster", "AutoStartMaster\AutoStartMaster.csproj", "{7D602AAE-46C4-4B2F-9314-E516C0C9FAF4}"
EndProject
Global
	GlobalSection(SolutionConfigurationPlatforms) = preSolution
		Debug|Any CPU = Debug|Any CPU
		Release|Any CPU = Release|Any CPU
	EndGlobalSection
	GlobalSection(ProjectConfigurationPlatforms) = postSolution
		{7D602AAE-46C4-4B2F-9314-E516C0C9FAF4}.Debug|Any CPU.ActiveCfg = Debug|Any CPU
		{7D602AAE-46C4-4B2F-9314-E516C0C9FAF4}.Debug|Any CPU.Build.0 = Debug|Any CPU
		{7D602AAE-46C4-4B2F-9314-E516C0C9FAF4}.Release|Any CPU.ActiveCfg = Release|Any CPU
		{7D602AAE-46C4-4B2F-9314-E516C0C9FAF4}.Release|Any CPU.Build.0 = Release|Any CPU
	EndGlobalSection
	GlobalSection(SolutionProperties) = preSolution
		HideSolutionNode = FALSE
	EndGlobalSection
	GlobalSection(ExtensibilityGlobals) = postSolution
		SolutionGuid = {C4DD7A5E-3AA7-4B14-B838-61D52067ED8B}
	EndGlobalSection
EndGlobal
